
Microsoft Visual Studio Solution File, Format Version 12.00
# Visual Studio Version 17
VisualStudioVersion = 17.3.32819.101
MinimumVisualStudioVersion = 10.0.40219.1
Project("{FAE04EC0-301F-11D3-BF4B-00C04F79EFBC}") = "DataAPI", "DataDB\DataAPI.csproj", "{724C88B3-8EA8-4FC7-B250-666486662A91}"
EndProject
Global
	GlobalSection(SolutionConfigurationPlatforms) = preSolution
		Debug|Any CPU = Debug|Any CPU
		Release|Any CPU = Release|Any CPU
	EndGlobalSection
	GlobalSection(ProjectConfigurationPlatforms) = postSolution
		{724C88B3-8EA8-4FC7-B250-666486662A91}.Debug|Any CPU.ActiveCfg = Debug|Any CPU
		{724C88B3-8EA8-4FC7-B250-666486662A91}.Debug|Any CPU.Build.0 = Debug|Any CPU
		{724C88B3-8EA8-4FC7-B250-666486662A91}.Release|Any CPU.ActiveCfg = Release|Any CPU
		{724C88B3-8EA8-4FC7-B250-666486662A91}.Release|Any CPU.Build.0 = Release|Any CPU
	EndGlobalSection
	GlobalSection(SolutionProperties) = preSolution
		HideSolutionNode = FALSE
	EndGlobalSection
	GlobalSection(ExtensibilityGlobals) = postSolution
		SolutionGuid = {DBB6097B-58F2-4042-B779-D2CBB8BEB36F}
	EndGlobalSection
EndGlobal
